
Microsoft Visual Studio Solution File, Format Version 12.00
# Visual Studio Version 17
VisualStudioVersion = 17.12.35728.132
MinimumVisualStudioVersion = 10.0.40219.1
Project("{FAE04EC0-301F-11D3-BF4B-00C04F79EFBC}") = "ScrumMaster.Identity", "ScrumMaster.Identity.csproj", "{94650AB5-99F2-4B23-8FE8-E02E60E1F4C1}"
EndProject
Project("{FAE04EC0-301F-11D3-BF4B-00C04F79EFBC}") = "ScrumMaster.Identity.Core", "..\ScrumMaster.Identity.Core\ScrumMaster.Identity.Core.csproj", "{46B63442-E648-4976-AD5B-149D51FA920C}"
EndProject
Project("{FAE04EC0-301F-11D3-BF4B-00C04F79EFBC}") = "ScrumMaster.Identity.Infrastructure", "..\ScrumMaster.Identity.Infrastructure\ScrumMaster.Identity.Infrastructure.csproj", "{F55369BE-344E-4428-BF92-CAD4E2B61486}"
EndProject
Global
	GlobalSection(SolutionConfigurationPlatforms) = preSolution
		Debug|Any CPU = Debug|Any CPU
		Release|Any CPU = Release|Any CPU
	EndGlobalSection
	GlobalSection(ProjectConfigurationPlatforms) = postSolution
		{94650AB5-99F2-4B23-8FE8-E02E60E1F4C1}.Debug|Any CPU.ActiveCfg = Debug|Any CPU
		{94650AB5-99F2-4B23-8FE8-E02E60E1F4C1}.Debug|Any CPU.Build.0 = Debug|Any CPU
		{94650AB5-99F2-4B23-8FE8-E02E60E1F4C1}.Release|Any CPU.ActiveCfg = Release|Any CPU
		{94650AB5-99F2-4B23-8FE8-E02E60E1F4C1}.Release|Any CPU.Build.0 = Release|Any CPU
		{46B63442-E648-4976-AD5B-149D51FA920C}.Debug|Any CPU.ActiveCfg = Debug|Any CPU
		{46B63442-E648-4976-AD5B-149D51FA920C}.Debug|Any CPU.Build.0 = Debug|Any CPU
		{46B63442-E648-4976-AD5B-149D51FA920C}.Release|Any CPU.ActiveCfg = Release|Any CPU
		{46B63442-E648-4976-AD5B-149D51FA920C}.Release|Any CPU.Build.0 = Release|Any CPU
		{F55369BE-344E-4428-BF92-CAD4E2B61486}.Debug|Any CPU.ActiveCfg = Debug|Any CPU
		{F55369BE-344E-4428-BF92-CAD4E2B61486}.Debug|Any CPU.Build.0 = Debug|Any CPU
		{F55369BE-344E-4428-BF92-CAD4E2B61486}.Release|Any CPU.ActiveCfg = Release|Any CPU
		{F55369BE-344E-4428-BF92-CAD4E2B61486}.Release|Any CPU.Build.0 = Release|Any CPU
	EndGlobalSection
	GlobalSection(SolutionProperties) = preSolution
		HideSolutionNode = FALSE
	EndGlobalSection
EndGlobal
